
Microsoft Visual Studio Solution File, Format Version 12.00
# Visual Studio Version 17
VisualStudioVersion = 17.9.34723.18
MinimumVisualStudioVersion = 10.0.40219.1
Project("{FAE04EC0-301F-11D3-BF4B-00C04F79EFBC}") = "HMS.DAL", "HMS.DAL\HMS.DAL.csproj", "{8542280B-94EC-4303-9A74-B8C601430878}"
EndProject
Project("{FAE04EC0-301F-11D3-BF4B-00C04F79EFBC}") = "HMS.UI", "HMS.UI\HMS.UI.csproj", "{D2EB6352-1DC6-4128-BEEB-BE83A83A372F}"
EndProject
Global
	GlobalSection(SolutionConfigurationPlatforms) = preSolution
		Debug|Any CPU = Debug|Any CPU
		Release|Any CPU = Release|Any CPU
	EndGlobalSection
	GlobalSection(ProjectConfigurationPlatforms) = postSolution
		{8542280B-94EC-4303-9A74-B8C601430878}.Debug|Any CPU.ActiveCfg = Debug|Any CPU
		{8542280B-94EC-4303-9A74-B8C601430878}.Debug|Any CPU.Build.0 = Debug|Any CPU
		{8542280B-94EC-4303-9A74-B8C601430878}.Release|Any CPU.ActiveCfg = Release|Any CPU
		{8542280B-94EC-4303-9A74-B8C601430878}.Release|Any CPU.Build.0 = Release|Any CPU
		{D2EB6352-1DC6-4128-BEEB-BE83A83A372F}.Debug|Any CPU.ActiveCfg = Debug|Any CPU
		{D2EB6352-1DC6-4128-BEEB-BE83A83A372F}.Debug|Any CPU.Build.0 = Debug|Any CPU
		{D2EB6352-1DC6-4128-BEEB-BE83A83A372F}.Release|Any CPU.ActiveCfg = Release|Any CPU
		{D2EB6352-1DC6-4128-BEEB-BE83A83A372F}.Release|Any CPU.Build.0 = Release|Any CPU
	EndGlobalSection
	GlobalSection(SolutionProperties) = preSolution
		HideSolutionNode = FALSE
	EndGlobalSection
	GlobalSection(ExtensibilityGlobals) = postSolution
		SolutionGuid = {A9CD7D51-41D1-4D56-BB24-A2C5933FB26D}
	EndGlobalSection
EndGlobal
